
Microsoft Visual Studio Solution File, Format Version 12.00
# Visual Studio Version 17
VisualStudioVersion = 17.2.32616.157
MinimumVisualStudioVersion = 10.0.40219.1
Project("{FAE04EC0-301F-11D3-BF4B-00C04F79EFBC}") = "SistemaFuncionarios.Api", "SistemaFuncionarios.Api\SistemaFuncionarios.Api.csproj", "{167EBA3A-7537-4745-87AF-89E0DD787105}"
EndProject
Project("{2150E333-8FDC-42A3-9474-1A3956D46DE8}") = "1-Camada de serviços", "1-Camada de serviços", "{33B3648D-F236-4771-B5BA-46175B4EF01C}"
EndProject
Project("{2150E333-8FDC-42A3-9474-1A3956D46DE8}") = "2-Camada de Acesso a Dados", "2-Camada de Acesso a Dados", "{F140B753-2D03-4DEA-BE89-3D26C1E68204}"
EndProject
Project("{FAE04EC0-301F-11D3-BF4B-00C04F79EFBC}") = "SistemaFuncionarios.Data", "SistemaFuncionarios.Data\SistemaFuncionarios.Data.csproj", "{EF0F9DF4-45C9-4479-9D5E-93E75CB90571}"
EndProject
Global
	GlobalSection(SolutionConfigurationPlatforms) = preSolution
		Debug|Any CPU = Debug|Any CPU
		Release|Any CPU = Release|Any CPU
	EndGlobalSection
	GlobalSection(ProjectConfigurationPlatforms) = postSolution
		{167EBA3A-7537-4745-87AF-89E0DD787105}.Debug|Any CPU.ActiveCfg = Debug|Any CPU
		{167EBA3A-7537-4745-87AF-89E0DD787105}.Debug|Any CPU.Build.0 = Debug|Any CPU
		{167EBA3A-7537-4745-87AF-89E0DD787105}.Release|Any CPU.ActiveCfg = Release|Any CPU
		{167EBA3A-7537-4745-87AF-89E0DD787105}.Release|Any CPU.Build.0 = Release|Any CPU
		{EF0F9DF4-45C9-4479-9D5E-93E75CB90571}.Debug|Any CPU.ActiveCfg = Debug|Any CPU
		{EF0F9DF4-45C9-4479-9D5E-93E75CB90571}.Debug|Any CPU.Build.0 = Debug|Any CPU
		{EF0F9DF4-45C9-4479-9D5E-93E75CB90571}.Release|Any CPU.ActiveCfg = Release|Any CPU
		{EF0F9DF4-45C9-4479-9D5E-93E75CB90571}.Release|Any CPU.Build.0 = Release|Any CPU
	EndGlobalSection
	GlobalSection(SolutionProperties) = preSolution
		HideSolutionNode = FALSE
	EndGlobalSection
	GlobalSection(NestedProjects) = preSolution
		{167EBA3A-7537-4745-87AF-89E0DD787105} = {33B3648D-F236-4771-B5BA-46175B4EF01C}
		{EF0F9DF4-45C9-4479-9D5E-93E75CB90571} = {F140B753-2D03-4DEA-BE89-3D26C1E68204}
	EndGlobalSection
	GlobalSection(ExtensibilityGlobals) = postSolution
		SolutionGuid = {F296BF37-B0FB-4F29-9FB6-3312A670F668}
	EndGlobalSection
EndGlobal
